// !$*UTF8*$!
{
	archiveVersion = 1;
	classes = {
	};
	objectVersion = 56;
	objects = {

/* Begin PBXBuildFile section */
		8C24C9E12C1B316900D9F6F0 /* socket.cpp in Sources */ = {isa = PBXBuildFile; fileRef = 8C24C9D32C1B316800D9F6F0 /* socket.cpp */; };
		8C24C9E22C1B316900D9F6F0 /* channel.cpp in Sources */ = {isa = PBXBuildFile; fileRef = 8C24C9D42C1B316800D9F6F0 /* channel.cpp */; };
		8C24C9E32C1B316900D9F6F0 /* json.cpp in Sources */ = {isa = PBXBuildFile; fileRef = 8C24C9D52C1B316800D9F6F0 /* json.cpp */; };
		8C24C9E42C1B316900D9F6F0 /* udpchannel.cpp in Sources */ = {isa = PBXBuildFile; fileRef = 8C24C9DB2C1B316800D9F6F0 /* udpchannel.cpp */; };
		8C24C9E52C1B316900D9F6F0 /* path.cpp in Sources */ = {isa = PBXBuildFile; fileRef = 8C24C9DC2C1B316800D9F6F0 /* path.cpp */; };
		8C24C9E62C1B316900D9F6F0 /* logger.cpp in Sources */ = {isa = PBXBuildFile; fileRef = 8C24C9E02C1B316900D9F6F0 /* logger.cpp */; };
		8C96D6432C2B904500B37DED /* argoApp.swift in Sources */ = {isa = PBXBuildFile; fileRef = 8C96D6422C2B904500B37DED /* argoApp.swift */; };
		8CD3D3972C125FAA004126DA /* ContentView.swift in Sources */ = {isa = PBXBuildFile; fileRef = 8CD3D3962C125FAA004126DA /* ContentView.swift */; };
		8CD3D3992C125FAB004126DA /* Assets.xcassets in Resources */ = {isa = PBXBuildFile; fileRef = 8CD3D3982C125FAB004126DA /* Assets.xcassets */; };
		8CD3D39C2C125FAB004126DA /* Preview Assets.xcassets in Resources */ = {isa = PBXBuildFile; fileRef = 8CD3D39B2C125FAB004126DA /* Preview Assets.xcassets */; };
		8CD3D3A72C12601B004126DA /* driver.cpp in Sources */ = {isa = PBXBuildFile; fileRef = 8CD3D3A52C12601B004126DA /* driver.cpp */; };
		8CD3D3A92C1260A0004126DA /* wrap_driver.mm in Sources */ = {isa = PBXBuildFile; fileRef = 8CD3D3A82C1260A0004126DA /* wrap_driver.mm */; };
/* End PBXBuildFile section */

/* Begin PBXFileReference section */
		8C24C9D32C1B316800D9F6F0 /* socket.cpp */ = {isa = PBXFileReference; fileEncoding = 4; lastKnownFileType = sourcecode.cpp.cpp; name = socket.cpp; path = ../../../socket.cpp; sourceTree = "<group>"; };
		8C24C9D42C1B316800D9F6F0 /* channel.cpp */ = {isa = PBXFileReference; fileEncoding = 4; lastKnownFileType = sourcecode.cpp.cpp; name = channel.cpp; path = ../../../channel.cpp; sourceTree = "<group>"; };
		8C24C9D52C1B316800D9F6F0 /* json.cpp */ = {isa = PBXFileReference; fileEncoding = 4; lastKnownFileType = sourcecode.cpp.cpp; name = json.cpp; path = ../../../json.cpp; sourceTree = "<group>"; };
		8C24C9D62C1B316800D9F6F0 /* socket.h */ = {isa = PBXFileReference; fileEncoding = 4; lastKnownFileType = sourcecode.c.h; name = socket.h; path = ../../../socket.h; sourceTree = "<group>"; };
		8C24C9D72C1B316800D9F6F0 /* logger.h */ = {isa = PBXFileReference; fileEncoding = 4; lastKnownFileType = sourcecode.c.h; name = logger.h; path = ../../../logger.h; sourceTree = "<group>"; };
		8C24C9D82C1B316800D9F6F0 /* path.h */ = {isa = PBXFileReference; fileEncoding = 4; lastKnownFileType = sourcecode.c.h; name = path.h; path = ../../../path.h; sourceTree = "<group>"; };
		8C24C9D92C1B316800D9F6F0 /* ascii.h */ = {isa = PBXFileReference; fileEncoding = 4; lastKnownFileType = sourcecode.c.h; name = ascii.h; path = ../../../ascii.h; sourceTree = "<group>"; };
		8C24C9DA2C1B316800D9F6F0 /* api.h */ = {isa = PBXFileReference; fileEncoding = 4; lastKnownFileType = sourcecode.c.h; name = api.h; path = ../../../api.h; sourceTree = "<group>"; };
		8C24C9DB2C1B316800D9F6F0 /* udpchannel.cpp */ = {isa = PBXFileReference; fileEncoding = 4; lastKnownFileType = sourcecode.cpp.cpp; name = udpchannel.cpp; path = ../../../udpchannel.cpp; sourceTree = "<group>"; };
		8C24C9DC2C1B316800D9F6F0 /* path.cpp */ = {isa = PBXFileReference; fileEncoding = 4; lastKnownFileType = sourcecode.cpp.cpp; name = path.cpp; path = ../../../path.cpp; sourceTree = "<group>"; };
		8C24C9DD2C1B316800D9F6F0 /* json.h */ = {isa = PBXFileReference; fileEncoding = 4; lastKnownFileType = sourcecode.c.h; name = json.h; path = ../../../json.h; sourceTree = "<group>"; };
		8C24C9DE2C1B316900D9F6F0 /* channel.h */ = {isa = PBXFileReference; fileEncoding = 4; lastKnownFileType = sourcecode.c.h; name = channel.h; path = ../../../channel.h; sourceTree = "<group>"; };
		8C24C9DF2C1B316900D9F6F0 /* udpchannel.h */ = {isa = PBXFileReference; fileEncoding = 4; lastKnownFileType = sourcecode.c.h; name = udpchannel.h; path = ../../../udpchannel.h; sourceTree = "<group>"; };
		8C24C9E02C1B316900D9F6F0 /* logger.cpp */ = {isa = PBXFileReference; fileEncoding = 4; lastKnownFileType = sourcecode.cpp.cpp; name = logger.cpp; path = ../../../logger.cpp; sourceTree = "<group>"; };
		8C96D6422C2B904500B37DED /* argoApp.swift */ = {isa = PBXFileReference; lastKnownFileType = sourcecode.swift; path = argoApp.swift; sourceTree = "<group>"; };
		8CD3D3912C125FAA004126DA /* argo.app */ = {isa = PBXFileReference; explicitFileType = wrapper.application; includeInIndex = 0; path = argo.app; sourceTree = BUILT_PRODUCTS_DIR; };
		8CD3D3962C125FAA004126DA /* ContentView.swift */ = {isa = PBXFileReference; lastKnownFileType = sourcecode.swift; path = ContentView.swift; sourceTree = "<group>"; };
		8CD3D3982C125FAB004126DA /* Assets.xcassets */ = {isa = PBXFileReference; lastKnownFileType = folder.assetcatalog; path = Assets.xcassets; sourceTree = "<group>"; };
		8CD3D39B2C125FAB004126DA /* Preview Assets.xcassets */ = {isa = PBXFileReference; lastKnownFileType = folder.assetcatalog; path = "Preview Assets.xcassets"; sourceTree = "<group>"; };
		8CD3D3A22C12601B004126DA /* argo-Bridging-Header.h */ = {isa = PBXFileReference; lastKnownFileType = sourcecode.c.h; path = "argo-Bridging-Header.h"; sourceTree = "<group>"; };
		8CD3D3A32C12601B004126DA /* driver.h */ = {isa = PBXFileReference; fileEncoding = 4; lastKnownFileType = sourcecode.c.h; name = driver.h; path = ../../../driver.h; sourceTree = "<group>"; };
		8CD3D3A42C12601B004126DA /* iapi.h */ = {isa = PBXFileReference; fileEncoding = 4; lastKnownFileType = sourcecode.c.h; name = iapi.h; path = ../../../iapi.h; sourceTree = "<group>"; };
		8CD3D3A52C12601B004126DA /* driver.cpp */ = {isa = PBXFileReference; fileEncoding = 4; lastKnownFileType = sourcecode.cpp.cpp; name = driver.cpp; path = ../../../driver.cpp; sourceTree = "<group>"; };
		8CD3D3A62C12601B004126DA /* idriver.h */ = {isa = PBXFileReference; fileEncoding = 4; lastKnownFileType = sourcecode.c.h; name = idriver.h; path = ../../../idriver.h; sourceTree = "<group>"; };
		8CD3D3A82C1260A0004126DA /* wrap_driver.mm */ = {isa = PBXFileReference; lastKnownFileType = sourcecode.cpp.objcpp; path = wrap_driver.mm; sourceTree = "<group>"; };
		8CD3D3AA2C126207004126DA /* wrap_driver.h */ = {isa = PBXFileReference; fileEncoding = 4; lastKnownFileType = sourcecode.c.h; path = wrap_driver.h; sourceTree = "<group>"; };
/* End PBXFileReference section */

/* Begin PBXFrameworksBuildPhase section */
		8CD3D38E2C125FAA004126DA /* Frameworks */ = {
			isa = PBXFrameworksBuildPhase;
			buildActionMask = 2147483647;
			files = (
			);
			runOnlyForDeploymentPostprocessing = 0;
		};
/* End PBXFrameworksBuildPhase section */

/* Begin PBXGroup section */
		8CD3D3882C125FAA004126DA = {
			isa = PBXGroup;
			children = (
				8CD3D3932C125FAA004126DA /* argo */,
				8CD3D3922C125FAA004126DA /* Products */,
			);
			sourceTree = "<group>";
		};
		8CD3D3922C125FAA004126DA /* Products */ = {
			isa = PBXGroup;
			children = (
				8CD3D3912C125FAA004126DA /* argo.app */,
			);
			name = Products;
			sourceTree = "<group>";
		};
		8CD3D3932C125FAA004126DA /* argo */ = {
			isa = PBXGroup;
			children = (
				8C24C9DA2C1B316800D9F6F0 /* api.h */,
				8CD3D3A22C12601B004126DA /* argo-Bridging-Header.h */,
				8C24C9D92C1B316800D9F6F0 /* ascii.h */,
				8C24C9D42C1B316800D9F6F0 /* channel.cpp */,
				8C24C9DE2C1B316900D9F6F0 /* channel.h */,
				8CD3D3A52C12601B004126DA /* driver.cpp */,
				8CD3D3A32C12601B004126DA /* driver.h */,
				8CD3D3A42C12601B004126DA /* iapi.h */,
				8CD3D3A62C12601B004126DA /* idriver.h */,
				8C24C9D52C1B316800D9F6F0 /* json.cpp */,
				8C24C9DD2C1B316800D9F6F0 /* json.h */,
				8C24C9E02C1B316900D9F6F0 /* logger.cpp */,
				8C24C9D72C1B316800D9F6F0 /* logger.h */,
				8C24C9DC2C1B316800D9F6F0 /* path.cpp */,
				8C24C9D82C1B316800D9F6F0 /* path.h */,
				8C24C9D32C1B316800D9F6F0 /* socket.cpp */,
				8C24C9D62C1B316800D9F6F0 /* socket.h */,
				8C24C9DB2C1B316800D9F6F0 /* udpchannel.cpp */,
				8C24C9DF2C1B316900D9F6F0 /* udpchannel.h */,
				8CD3D3A82C1260A0004126DA /* wrap_driver.mm */,
				8CD3D3AA2C126207004126DA /* wrap_driver.h */,
				8C96D6422C2B904500B37DED /* argoApp.swift */,
				8CD3D3962C125FAA004126DA /* ContentView.swift */,
				8CD3D3982C125FAB004126DA /* Assets.xcassets */,
				8CD3D39A2C125FAB004126DA /* Preview Content */,
			);
			path = argo;
			sourceTree = "<group>";
		};
		8CD3D39A2C125FAB004126DA /* Preview Content */ = {
			isa = PBXGroup;
			children = (
				8CD3D39B2C125FAB004126DA /* Preview Assets.xcassets */,
			);
			path = "Preview Content";
			sourceTree = "<group>";
		};
/* End PBXGroup section */

/* Begin PBXNativeTarget section */
		8CD3D3902C125FAA004126DA /* argo */ = {
			isa = PBXNativeTarget;
			buildConfigurationList = 8CD3D39F2C125FAB004126DA /* Build configuration list for PBXNativeTarget "argo" */;
			buildPhases = (
				8CD3D38D2C125FAA004126DA /* Sources */,
				8CD3D38E2C125FAA004126DA /* Frameworks */,
				8CD3D38F2C125FAA004126DA /* Resources */,
			);
			buildRules = (
			);
			dependencies = (
			);
			name = argo;
			productName = argo;
			productReference = 8CD3D3912C125FAA004126DA /* argo.app */;
			productType = "com.apple.product-type.application";
		};
/* End PBXNativeTarget section */

/* Begin PBXProject section */
		8CD3D3892C125FAA004126DA /* Project object */ = {
			isa = PBXProject;
			attributes = {
				BuildIndependentTargetsInParallel = 1;
				LastSwiftUpdateCheck = 1400;
				LastUpgradeCheck = 1540;
				TargetAttributes = {
					8CD3D3902C125FAA004126DA = {
						CreatedOnToolsVersion = 14.0.1;
						LastSwiftMigration = 1400;
					};
				};
			};
			buildConfigurationList = 8CD3D38C2C125FAA004126DA /* Build configuration list for PBXProject "argo" */;
			compatibilityVersion = "Xcode 14.0";
			developmentRegion = en;
			hasScannedForEncodings = 0;
			knownRegions = (
				en,
				Base,
			);
			mainGroup = 8CD3D3882C125FAA004126DA;
			productRefGroup = 8CD3D3922C125FAA004126DA /* Products */;
			projectDirPath = "";
			projectRoot = "";
			targets = (
				8CD3D3902C125FAA004126DA /* argo */,
			);
		};
/* End PBXProject section */

/* Begin PBXResourcesBuildPhase section */
		8CD3D38F2C125FAA004126DA /* Resources */ = {
			isa = PBXResourcesBuildPhase;
			buildActionMask = 2147483647;
			files = (
				8CD3D39C2C125FAB004126DA /* Preview Assets.xcassets in Resources */,
				8CD3D3992C125FAB004126DA /* Assets.xcassets in Resources */,
			);
			runOnlyForDeploymentPostprocessing = 0;
		};
/* End PBXResourcesBuildPhase section */

/* Begin PBXSourcesBuildPhase section */
		8CD3D38D2C125FAA004126DA /* Sources */ = {
			isa = PBXSourcesBuildPhase;
			buildActionMask = 2147483647;
			files = (
				8CD3D3972C125FAA004126DA /* ContentView.swift in Sources */,
				8C24C9E42C1B316900D9F6F0 /* udpchannel.cpp in Sources */,
				8C96D6432C2B904500B37DED /* argoApp.swift in Sources */,
				8C24C9E52C1B316900D9F6F0 /* path.cpp in Sources */,
				8C24C9E12C1B316900D9F6F0 /* socket.cpp in Sources */,
				8CD3D3A92C1260A0004126DA /* wrap_driver.mm in Sources */,
				8C24C9E22C1B316900D9F6F0 /* channel.cpp in Sources */,
				8C24C9E32C1B316900D9F6F0 /* json.cpp in Sources */,
				8C24C9E62C1B316900D9F6F0 /* logger.cpp in Sources */,
				8CD3D3A72C12601B004126DA /* driver.cpp in Sources */,
			);
			runOnlyForDeploymentPostprocessing = 0;
		};
/* End PBXSourcesBuildPhase section */

/* Begin XCBuildConfiguration section */
		8CD3D39D2C125FAB004126DA /* Debug */ = {
			isa = XCBuildConfiguration;
			buildSettings = {
				ALWAYS_SEARCH_USER_PATHS = NO;
				CLANG_ANALYZER_NONNULL = YES;
				CLANG_ANALYZER_NUMBER_OBJECT_CONVERSION = YES_AGGRESSIVE;
				CLANG_CXX_LANGUAGE_STANDARD = "gnu++20";
				CLANG_ENABLE_MODULES = YES;
				CLANG_ENABLE_OBJC_ARC = YES;
				CLANG_ENABLE_OBJC_WEAK = YES;
				CLANG_WARN_BLOCK_CAPTURE_AUTORELEASING = YES;
				CLANG_WARN_BOOL_CONVERSION = YES;
				CLANG_WARN_COMMA = YES;
				CLANG_WARN_CONSTANT_CONVERSION = YES;
				CLANG_WARN_DEPRECATED_OBJC_IMPLEMENTATIONS = YES;
				CLANG_WARN_DIRECT_OBJC_ISA_USAGE = YES_ERROR;
				CLANG_WARN_DOCUMENTATION_COMMENTS = YES;
				CLANG_WARN_EMPTY_BODY = YES;
				CLANG_WARN_ENUM_CONVERSION = YES;
				CLANG_WARN_INFINITE_RECURSION = YES;
				CLANG_WARN_INT_CONVERSION = YES;
				CLANG_WARN_NON_LITERAL_NULL_CONVERSION = YES;
				CLANG_WARN_OBJC_IMPLICIT_RETAIN_SELF = YES;
				CLANG_WARN_OBJC_LITERAL_CONVERSION = YES;
				CLANG_WARN_OBJC_ROOT_CLASS = YES_ERROR;
				CLANG_WARN_QUOTED_INCLUDE_IN_FRAMEWORK_HEADER = YES;
				CLANG_WARN_RANGE_LOOP_ANALYSIS = YES;
				CLANG_WARN_STRICT_PROTOTYPES = YES;
				CLANG_WARN_SUSPICIOUS_MOVE = YES;
				CLANG_WARN_UNGUARDED_AVAILABILITY = YES_AGGRESSIVE;
				CLANG_WARN_UNREACHABLE_CODE = YES;
				CLANG_WARN__DUPLICATE_METHOD_MATCH = YES;
				COPY_PHASE_STRIP = NO;
				DEBUG_INFORMATION_FORMAT = dwarf;
				ENABLE_STRICT_OBJC_MSGSEND = YES;
				ENABLE_TESTABILITY = YES;
				ENABLE_USER_SCRIPT_SANDBOXING = YES;
				GCC_C_LANGUAGE_STANDARD = gnu11;
				GCC_DYNAMIC_NO_PIC = NO;
				GCC_NO_COMMON_BLOCKS = YES;
				GCC_OPTIMIZATION_LEVEL = 0;
				GCC_PREPROCESSOR_DEFINITIONS = (
					"DEBUG=1",
					"$(inherited)",
				);
				GCC_WARN_64_TO_32_BIT_CONVERSION = YES;
				GCC_WARN_ABOUT_RETURN_TYPE = YES_ERROR;
				GCC_WARN_UNDECLARED_SELECTOR = YES;
				GCC_WARN_UNINITIALIZED_AUTOS = YES_AGGRESSIVE;
				GCC_WARN_UNUSED_FUNCTION = YES;
				GCC_WARN_UNUSED_VARIABLE = YES;
				IPHONEOS_DEPLOYMENT_TARGET = 17.5;
				MTL_ENABLE_DEBUG_INFO = INCLUDE_SOURCE;
				MTL_FAST_MATH = YES;
				ONLY_ACTIVE_ARCH = YES;
				SDKROOT = iphoneos;
				SWIFT_ACTIVE_COMPILATION_CONDITIONS = DEBUG;
				SWIFT_OPTIMIZATION_LEVEL = "-Onone";
			};
			name = Debug;
		};
		8CD3D39E2C125FAB004126DA /* Release */ = {
			isa = XCBuildConfiguration;
			buildSettings = {
				ALWAYS_SEARCH_USER_PATHS = NO;
				CLANG_ANALYZER_NONNULL = YES;
				CLANG_ANALYZER_NUMBER_OBJECT_CONVERSION = YES_AGGRESSIVE;
				CLANG_CXX_LANGUAGE_STANDARD = "gnu++20";
				CLANG_ENABLE_MODULES = YES;
				CLANG_ENABLE_OBJC_ARC = YES;
				CLANG_ENABLE_OBJC_WEAK = YES;
				CLANG_WARN_BLOCK_CAPTURE_AUTORELEASING = YES;
				CLANG_WARN_BOOL_CONVERSION = YES;
				CLANG_WARN_COMMA = YES;
				CLANG_WARN_CONSTANT_CONVERSION = YES;
				CLANG_WARN_DEPRECATED_OBJC_IMPLEMENTATIONS = YES;
				CLANG_WARN_DIRECT_OBJC_ISA_USAGE = YES_ERROR;
				CLANG_WARN_DOCUMENTATION_COMMENTS = YES;
				CLANG_WARN_EMPTY_BODY = YES;
				CLANG_WARN_ENUM_CONVERSION = YES;
				CLANG_WARN_INFINITE_RECURSION = YES;
				CLANG_WARN_INT_CONVERSION = YES;
				CLANG_WARN_NON_LITERAL_NULL_CONVERSION = YES;
				CLANG_WARN_OBJC_IMPLICIT_RETAIN_SELF = YES;
				CLANG_WARN_OBJC_LITERAL_CONVERSION = YES;
				CLANG_WARN_OBJC_ROOT_CLASS = YES_ERROR;
				CLANG_WARN_QUOTED_INCLUDE_IN_FRAMEWORK_HEADER = YES;
				CLANG_WARN_RANGE_LOOP_ANALYSIS = YES;
				CLANG_WARN_STRICT_PROTOTYPES = YES;
				CLANG_WARN_SUSPICIOUS_MOVE = YES;
				CLANG_WARN_UNGUARDED_AVAILABILITY = YES_AGGRESSIVE;
				CLANG_WARN_UNREACHABLE_CODE = YES;
				CLANG_WARN__DUPLICATE_METHOD_MATCH = YES;
				COPY_PHASE_STRIP = NO;
				DEBUG_INFORMATION_FORMAT = "dwarf-with-dsym";
				ENABLE_NS_ASSERTIONS = NO;
				ENABLE_STRICT_OBJC_MSGSEND = YES;
				ENABLE_USER_SCRIPT_SANDBOXING = YES;
				GCC_C_LANGUAGE_STANDARD = gnu11;
				GCC_NO_COMMON_BLOCKS = YES;
				GCC_WARN_64_TO_32_BIT_CONVERSION = YES;
				GCC_WARN_ABOUT_RETURN_TYPE = YES_ERROR;
				GCC_WARN_UNDECLARED_SELECTOR = YES;
				GCC_WARN_UNINITIALIZED_AUTOS = YES_AGGRESSIVE;
				GCC_WARN_UNUSED_FUNCTION = YES;
				GCC_WARN_UNUSED_VARIABLE = YES;
				IPHONEOS_DEPLOYMENT_TARGET = 17.5;
				MTL_ENABLE_DEBUG_INFO = NO;
				MTL_FAST_MATH = YES;
				SDKROOT = iphoneos;
				SWIFT_COMPILATION_MODE = wholemodule;
				SWIFT_OPTIMIZATION_LEVEL = "-O";
				VALIDATE_PRODUCT = YES;
			};
			name = Release;
		};
		8CD3D3A02C125FAB004126DA /* Debug */ = {
			isa = XCBuildConfiguration;
			buildSettings = {
				ASSETCATALOG_COMPILER_APPICON_NAME = AppIcon;
				ASSETCATALOG_COMPILER_GLOBAL_ACCENT_COLOR_NAME = AccentColor;
				CLANG_ENABLE_MODULES = YES;
				CODE_SIGN_ENTITLEMENTS = argo.entitlements;
				CODE_SIGN_STYLE = Automatic;
				CURRENT_PROJECT_VERSION = 1;
				DEVELOPMENT_ASSET_PATHS = "\"argo/Preview Content\"";
				DEVELOPMENT_TEAM = F7BF335VHM;
				ENABLE_PREVIEWS = YES;
				GENERATE_INFOPLIST_FILE = YES;
				INFOPLIST_KEY_UIApplicationSceneManifest_Generation = YES;
				INFOPLIST_KEY_UIApplicationSupportsIndirectInputEvents = YES;
				INFOPLIST_KEY_UILaunchScreen_Generation = YES;
				INFOPLIST_KEY_UISupportedInterfaceOrientations_iPad = "UIInterfaceOrientationPortrait UIInterfaceOrientationPortraitUpsideDown UIInterfaceOrientationLandscapeLeft UIInterfaceOrientationLandscapeRight";
				INFOPLIST_KEY_UISupportedInterfaceOrientations_iPhone = "UIInterfaceOrientationPortrait UIInterfaceOrientationLandscapeLeft UIInterfaceOrientationLandscapeRight";
				IPHONEOS_DEPLOYMENT_TARGET = 17.5;
				LD_RUNPATH_SEARCH_PATHS = (
					"$(inherited)",
					"@executable_path/Frameworks",
				);
				MARKETING_VERSION = 1.0;
				PRODUCT_BUNDLE_IDENTIFIER = com.davidjwalling.argo;
				PRODUCT_NAME = "$(TARGET_NAME)";
				SWIFT_EMIT_LOC_STRINGS = YES;
				SWIFT_OBJC_BRIDGING_HEADER = "argo/argo-Bridging-Header.h";
				SWIFT_OPTIMIZATION_LEVEL = "-Onone";
				SWIFT_VERSION = 5.0;
				TARGETED_DEVICE_FAMILY = "1,2";
			};
			name = Debug;
		};
		8CD3D3A12C125FAB004126DA /* Release */ = {
			isa = XCBuildConfiguration;
			buildSettings = {
				ASSETCATALOG_COMPILER_APPICON_NAME = AppIcon;
				ASSETCATALOG_COMPILER_GLOBAL_ACCENT_COLOR_NAME = AccentColor;
				CLANG_ENABLE_MODULES = YES;
				CODE_SIGN_ENTITLEMENTS = argo.entitlements;
				CODE_SIGN_STYLE = Automatic;
				CURRENT_PROJECT_VERSION = 1;
				DEVELOPMENT_ASSET_PATHS = "\"argo/Preview Content\"";
				DEVELOPMENT_TEAM = F7BF335VHM;
				ENABLE_PREVIEWS = YES;
				GENERATE_INFOPLIST_FILE = YES;
				INFOPLIST_KEY_UIApplicationSceneManifest_Generation = YES;
				INFOPLIST_KEY_UIApplicationSupportsIndirectInputEvents = YES;
				INFOPLIST_KEY_UILaunchScreen_Generation = YES;
				INFOPLIST_KEY_UISupportedInterfaceOrientations_iPad = "UIInterfaceOrientationPortrait UIInterfaceOrientationPortraitUpsideDown UIInterfaceOrientationLandscapeLeft UIInterfaceOrientationLandscapeRight";
				INFOPLIST_KEY_UISupportedInterfaceOrientations_iPhone = "UIInterfaceOrientationPortrait UIInterfaceOrientationLandscapeLeft UIInterfaceOrientationLandscapeRight";
				IPHONEOS_DEPLOYMENT_TARGET = 17.5;
				LD_RUNPATH_SEARCH_PATHS = (
					"$(inherited)",
					"@executable_path/Frameworks",
				);
				MARKETING_VERSION = 1.0;
				PRODUCT_BUNDLE_IDENTIFIER = com.davidjwalling.argo;
				PRODUCT_NAME = "$(TARGET_NAME)";
				SWIFT_EMIT_LOC_STRINGS = YES;
				SWIFT_OBJC_BRIDGING_HEADER = "argo/argo-Bridging-Header.h";
				SWIFT_VERSION = 5.0;
				TARGETED_DEVICE_FAMILY = "1,2";
			};
			name = Release;
		};
/* End XCBuildConfiguration section */

/* Begin XCConfigurationList section */
		8CD3D38C2C125FAA004126DA /* Build configuration list for PBXProject "argo" */ = {
			isa = XCConfigurationList;
			buildConfigurations = (
				8CD3D39D2C125FAB004126DA /* Debug */,
				8CD3D39E2C125FAB004126DA /* Release */,
			);
			defaultConfigurationIsVisible = 0;
			defaultConfigurationName = Release;
		};
		8CD3D39F2C125FAB004126DA /* Build configuration list for PBXNativeTarget "argo" */ = {
			isa = XCConfigurationList;
			buildConfigurations = (
				8CD3D3A02C125FAB004126DA /* Debug */,
				8CD3D3A12C125FAB004126DA /* Release */,
			);
			defaultConfigurationIsVisible = 0;
			defaultConfigurationName = Release;
		};
/* End XCConfigurationList section */
	};
	rootObject = 8CD3D3892C125FAA004126DA /* Project object */;
}
